#MicroXplorer Configuration settings - do not modify
Mcu.Family=STM32F3
ProjectManager.MainLocation=Core/Src
RCC.MCOFreq_Value=72000000
RCC.USART1Freq_Value=72000000
RCC.CortexFreq_Value=72000000
RCC.TIM17Freq_Value=72000000
ProjectManager.KeepUserCode=true
Mcu.UserName=STM32F303RETx
PC12.Locked=true
PC10.Locked=true
RCC.PLLCLKFreq_Value=72000000
PC10.Signal=GPIO_Output
PC12.Signal=GPIO_Output
RCC.SYSCLKSourceVirtual=RCC_SYSCLKSOURCE_PLLCLK
PA12.GPIOParameters=GPIO_PuPd,GPIO_Label
PA0.GPIO_Label=LD_GREEN
ProjectManager.functionlistsort=1-MX_GPIO_Init-GPIO-false-HAL-true,2-SystemClock_Config-RCC-false-HAL-false
PA11.GPIOParameters=GPIO_PuPd,GPIO_Label
PC6.GPIO_Label=R2
RCC.RTCFreq_Value=40000
PB6.GPIO_Label=D6
PC10.GPIO_Speed=GPIO_SPEED_FREQ_HIGH
RCC.USART2Freq_Value=36000000
PA11.GPIO_PuPd=GPIO_PULLDOWN
PinOutPanel.RotationAngle=0
ProjectManager.StackSize=0x400
PB5.GPIOParameters=PinState,GPIO_Label
RCC.I2C3Freq_Value=8000000
RCC.FCLKCortexFreq_Value=72000000
NVIC.SVCall_IRQn=true\:0\:0\:false\:false\:true\:false\:false
Mcu.IP2=SYS
PB4.GPIOParameters=PinState,GPIO_Label
Mcu.IP0=NVIC
PA12.Locked=true
Mcu.IP1=RCC
PA12.Signal=GPIO_Input
Mcu.UserConstants=
Mcu.ThirdPartyNb=0
RCC.HCLKFreq_Value=72000000
Mcu.IPNb=3
RCC.I2SClocksFreq_Value=72000000
ProjectManager.PreviousToolchain=STM32CubeIDE
RCC.APB2TimFreq_Value=72000000
PB6.Signal=GPIO_Output
PB5.PinState=GPIO_PIN_SET
Mcu.Pin6=PB12
Mcu.Pin7=PC6
Mcu.Pin8=PC8
Mcu.Pin9=PA11
RCC.AHBFreq_Value=72000000
RCC.TIM2Freq_Value=72000000
Mcu.Pin0=PF0-OSC_IN
Mcu.Pin1=PF1-OSC_OUT
GPIO.groupedBy=Group By Peripherals
Mcu.Pin2=PA0
Mcu.Pin3=PA1
RCC.USART3Freq_Value=36000000
Mcu.Pin4=PA5
Mcu.Pin5=PB2
ProjectManager.ProjectBuild=false
RCC.HSE_VALUE=8000000
NVIC.UsageFault_IRQn=true\:0\:0\:false\:false\:true\:true\:false
PA0.Locked=true
NVIC.DebugMonitor_IRQn=true\:0\:0\:false\:false\:true\:true\:false
PB2.Signal=GPIO_Output
NVIC.SysTick_IRQn=true\:0\:0\:true\:false\:true\:true\:true
RCC.RCC_PLLsource_Clock_Source_FROM_HSE=RCC_HSE_PREDIV_DIV2
RCC.PLLMUL=RCC_PLL_MUL9
PB12.GPIO_Label=C3
ProjectManager.FirmwarePackage=STM32Cube FW_F3 V1.11.2
MxDb.Version=DB.6.0.21
PA1.GPIOParameters=GPIO_Label
ProjectManager.BackupPrevious=false
PA14.Mode=Serial_Wire
File.Version=6
PB3.GPIOParameters=GPIO_Label
PB7.Signal=GPIO_Output
PB6.Locked=true
NVIC.PendSV_IRQn=true\:0\:0\:false\:false\:true\:false\:false
PB6.GPIOParameters=PinState,GPIO_Label
ProjectManager.HalAssertFull=false
ProjectManager.ProjectName=PasswordDoorLockSystem
PA0.Signal=GPIO_Output
PB7.PinState=GPIO_PIN_SET
RCC.TIM1Freq_Value=72000000
RCC.PLLMCOFreq_Value=72000000
PB7.GPIO_Label=D7
PC10.GPIO_ModeDefaultOutputPP=GPIO_MODE_OUTPUT_OD
PC8.GPIOParameters=GPIO_Speed,GPIO_Label,GPIO_ModeDefaultOutputPP
Mcu.Package=LQFP64
RCC.TIM15Freq_Value=72000000
PA5.Locked=true
RCC.ADC34outputFreq_Value=72000000
RCC.EnbaleCSS=true
ProjectManager.ToolChainLocation=
RCC.LSI_VALUE=40000
VP_SYS_VS_Systick.Signal=SYS_VS_Systick
PC8.GPIO_ModeDefaultOutputPP=GPIO_MODE_OUTPUT_OD
PA5.GPIOParameters=GPIO_Label
PC8.GPIO_Speed=GPIO_SPEED_FREQ_HIGH
RCC.TIM16Freq_Value=72000000
PB5.GPIO_Label=D5
RCC.APB1TimFreq_Value=72000000
NVIC.BusFault_IRQn=true\:0\:0\:false\:false\:true\:true\:false
PC12.GPIO_PuPd=GPIO_NOPULL
PA12.GPIO_PuPd=GPIO_PULLDOWN
PF1-OSC_OUT.Mode=HSE-External-Oscillator
PB4.PinState=GPIO_PIN_SET
PC6.GPIO_Speed=GPIO_SPEED_FREQ_HIGH
ProjectManager.CustomerFirmwarePackage=
PF1-OSC_OUT.Signal=RCC_OSC_OUT
PC6.GPIO_ModeDefaultOutputPP=GPIO_MODE_OUTPUT_OD
PB3.Locked=true
PB4.Signal=GPIO_Output
PB3.GPIO_Label=LCD_E
RCC.PLLSourceVirtual=RCC_PLLSOURCE_HSE
ProjectManager.ProjectFileName=PasswordDoorLockSystem.ioc
RCC.ADC12outputFreq_Value=72000000
PC10.GPIO_Label=R3
Mcu.PinsNb=21
ProjectManager.NoMain=false
PC8.Signal=GPIO_Output
PC6.Signal=GPIO_Output
PA11.GPIO_Label=C2
ProjectManager.DefaultFWLocation=true
PC12.GPIO_ModeDefaultOutputPP=GPIO_MODE_OUTPUT_OD
PB12.Locked=true
ProjectManager.DeletePrevious=true
RCC.APB1CLKDivider=RCC_HCLK_DIV2
boardIOC=true
PA12.GPIO_Label=C1
RCC.FamilyName=M
PC12.GPIOParameters=GPIO_Speed,GPIO_PuPd,GPIO_Label,GPIO_ModeDefaultOutputPP
PC8.GPIO_Label=R1
PA13.Signal=SYS_JTMS-SWDIO
PA11.Locked=true
ProjectManager.TargetToolchain=STM32CubeIDE
PB7.GPIOParameters=PinState,GPIO_Label
PC6.Locked=true
PB2.GPIOParameters=GPIO_Label
PB5.Locked=true
ProjectManager.RegisterCallBack=
RCC.USBFreq_Value=72000000
RCC.LSE_VALUE=32768
PA1.Signal=GPIO_Output
PF0-OSC_IN.Mode=HSE-External-Oscillator
PA5.Signal=GPIO_Output
board=NUCLEO-F303RE
ProjectManager.LastFirmware=true
RCC.VCOOutput2Freq_Value=8000000
RCC.APB2Freq_Value=72000000
RCC.TIM8Freq_Value=72000000
RCC.UART4Freq_Value=36000000
MxCube.Version=6.2.1
PB4.GPIO_Label=D4
RCC.I2C1Freq_Value=8000000
PA1.GPIO_Label=LD_RED
VP_SYS_VS_Systick.Mode=SysTick
NVIC.NonMaskableInt_IRQn=true\:0\:0\:false\:false\:true\:true\:true
PC10.GPIOParameters=GPIO_Speed,GPIO_Label,GPIO_ModeDefaultOutputPP
RCC.UART5Freq_Value=36000000
PA13.Mode=Serial_Wire
ProjectManager.FreePins=false
RCC.IPParameters=ADC12outputFreq_Value,ADC34outputFreq_Value,AHBFreq_Value,APB1CLKDivider,APB1Freq_Value,APB1TimFreq_Value,APB2Freq_Value,APB2TimFreq_Value,CortexFreq_Value,EnbaleCSS,FCLKCortexFreq_Value,FamilyName,HCLKFreq_Value,HSE_VALUE,HSI_VALUE,I2C1Freq_Value,I2C2Freq_Value,I2C3Freq_Value,I2SClocksFreq_Value,LSE_VALUE,LSI_VALUE,MCOFreq_Value,PLLCLKFreq_Value,PLLM,PLLMCOFreq_Value,PLLMUL,PLLN,PLLP,PLLQ,PLLSourceVirtual,RCC_PLLsource_Clock_Source_FROM_HSE,RTCFreq_Value,RTCHSEDivFreq_Value,SYSCLKFreq_VALUE,SYSCLKSourceVirtual,TIM15Freq_Value,TIM16Freq_Value,TIM17Freq_Value,TIM1Freq_Value,TIM20Freq_Value,TIM2Freq_Value,TIM3Freq_Value,TIM8Freq_Value,UART4Freq_Value,UART5Freq_Value,USART1Freq_Value,USART2Freq_Value,USART3Freq_Value,USBFreq_Value,VCOOutput2Freq_Value
ProjectManager.AskForMigrate=true
Mcu.Name=STM32F303R(D-E)Tx
RCC.RTCHSEDivFreq_Value=250000
ProjectManager.UnderRoot=true
PB2.Locked=true
ProjectManager.CoupleFile=false
PB4.Locked=true
PB3.Signal=GPIO_Output
RCC.SYSCLKFreq_VALUE=72000000
PB5.Signal=GPIO_Output
PA1.Locked=true
Mcu.Pin20=VP_SYS_VS_Systick
PA5.GPIO_Label=LD2
NVIC.ForceEnableDMAVector=true
KeepUserPlacement=false
NVIC.MemoryManagement_IRQn=true\:0\:0\:false\:false\:true\:true\:false
PC12.GPIO_Label=R4
ProjectManager.CompilerOptimize=6
PB6.PinState=GPIO_PIN_SET
PA11.Signal=GPIO_Input
PA14.Signal=SYS_JTCK-SWCLK
PB2.GPIO_Label=LCD_RS
ProjectManager.HeapSize=0x200
PA0.GPIOParameters=GPIO_Label
Mcu.Pin15=PB3
NVIC.HardFault_IRQn=true\:0\:0\:false\:false\:true\:true\:false
Mcu.Pin16=PB4
Mcu.Pin13=PC10
PC6.GPIOParameters=GPIO_Speed,GPIO_Label,GPIO_ModeDefaultOutputPP
Mcu.Pin14=PC12
Mcu.Pin19=PB7
RCC.TIM20Freq_Value=72000000
ProjectManager.ComputerToolchain=false
Mcu.Pin17=PB5
RCC.HSI_VALUE=8000000
Mcu.Pin18=PB6
RCC.TIM3Freq_Value=72000000
RCC.PLLP=RCC_PLLP_DIV4
RCC.PLLQ=7
NVIC.PriorityGroup=NVIC_PRIORITYGROUP_0
Mcu.Pin11=PA13
Mcu.Pin12=PA14
RCC.PLLM=8
RCC.PLLN=336
Mcu.Pin10=PA12
PB7.Locked=true
PC8.Locked=true
PF0-OSC_IN.Signal=RCC_OSC_IN
PB12.GPIO_PuPd=GPIO_PULLDOWN
RCC.I2C2Freq_Value=8000000
RCC.APB1Freq_Value=36000000
PC12.GPIO_Speed=GPIO_SPEED_FREQ_HIGH
ProjectManager.DeviceId=STM32F303RETx
PB12.GPIOParameters=GPIO_PuPd,GPIO_Label
PB12.Signal=GPIO_Input
ProjectManager.LibraryCopy=1
isbadioc=false
